
Microsoft Visual Studio Solution File, Format Version 12.00
# Visual Studio Version 16
VisualStudioVersion = 16.0.31624.102
MinimumVisualStudioVersion = 10.0.40219.1
Project("{FAE04EC0-301F-11D3-BF4B-00C04F79EFBC}") = "PetrolDelivery", "PetrolDelivery\PetrolDelivery.csproj", "{318E64E2-220B-4305-B82C-D0CBFA8B40C1}"
EndProject
Project("{FAE04EC0-301F-11D3-BF4B-00C04F79EFBC}") = "LibConatsntsAndMethods", "LibConatsntsAndMethods\LibConatsntsAndMethods.csproj", "{C414EF82-7169-4A29-A719-30ADF21ED34D}"
EndProject
Global
	GlobalSection(SolutionConfigurationPlatforms) = preSolution
		Debug|Any CPU = Debug|Any CPU
		Release|Any CPU = Release|Any CPU
	EndGlobalSection
	GlobalSection(ProjectConfigurationPlatforms) = postSolution
		{318E64E2-220B-4305-B82C-D0CBFA8B40C1}.Debug|Any CPU.ActiveCfg = Debug|Any CPU
		{318E64E2-220B-4305-B82C-D0CBFA8B40C1}.Debug|Any CPU.Build.0 = Debug|Any CPU
		{318E64E2-220B-4305-B82C-D0CBFA8B40C1}.Release|Any CPU.ActiveCfg = Release|Any CPU
		{318E64E2-220B-4305-B82C-D0CBFA8B40C1}.Release|Any CPU.Build.0 = Release|Any CPU
		{C414EF82-7169-4A29-A719-30ADF21ED34D}.Debug|Any CPU.ActiveCfg = Debug|Any CPU
		{C414EF82-7169-4A29-A719-30ADF21ED34D}.Debug|Any CPU.Build.0 = Debug|Any CPU
		{C414EF82-7169-4A29-A719-30ADF21ED34D}.Release|Any CPU.ActiveCfg = Release|Any CPU
		{C414EF82-7169-4A29-A719-30ADF21ED34D}.Release|Any CPU.Build.0 = Release|Any CPU
	EndGlobalSection
	GlobalSection(SolutionProperties) = preSolution
		HideSolutionNode = FALSE
	EndGlobalSection
	GlobalSection(ExtensibilityGlobals) = postSolution
		SolutionGuid = {032609C5-A9E3-44BA-B91C-C9081188E1D4}
	EndGlobalSection
EndGlobal
